
Microsoft Visual Studio Solution File, Format Version 12.00
# Visual Studio Version 17
VisualStudioVersion = 17.3.32929.385
MinimumVisualStudioVersion = 10.0.40219.1
Project("{888888A0-9F3D-457C-B088-3A5042F75D52}") = "Python text-based adventure game", "Python text-based adventure game.pyproj", "{A8B3E614-98F0-474D-BA0F-BCEE7929E245}"
EndProject
Global
	GlobalSection(SolutionConfigurationPlatforms) = preSolution
		Debug|Any CPU = Debug|Any CPU
		Release|Any CPU = Release|Any CPU
	EndGlobalSection
	GlobalSection(ProjectConfigurationPlatforms) = postSolution
		{A8B3E614-98F0-474D-BA0F-BCEE7929E245}.Debug|Any CPU.ActiveCfg = Debug|Any CPU
		{A8B3E614-98F0-474D-BA0F-BCEE7929E245}.Release|Any CPU.ActiveCfg = Release|Any CPU
	EndGlobalSection
	GlobalSection(SolutionProperties) = preSolution
		HideSolutionNode = FALSE
	EndGlobalSection
	GlobalSection(ExtensibilityGlobals) = postSolution
		SolutionGuid = {7CFCCE56-B84B-4D9C-A569-29222813132D}
	EndGlobalSection
EndGlobal
